// !$*UTF8*$!
{
	archiveVersion = 1;
	classes = {
	};
	objectVersion = 55;
	objects = {

/* Begin PBXBuildFile section */
		D430D8C8274B66A700B93D5C /* Dotter.swift in Sources */ = {isa = PBXBuildFile; fileRef = D430D8C7274B66A700B93D5C /* Dotter.swift */; };
		D430D8C9274B66A700B93D5C /* Dotter.swift in Sources */ = {isa = PBXBuildFile; fileRef = D430D8C7274B66A700B93D5C /* Dotter.swift */; };
		D4DB6C3427498B72008F9D4E /* FryApp.swift in Sources */ = {isa = PBXBuildFile; fileRef = D4DB6C2427498B71008F9D4E /* FryApp.swift */; };
		D4DB6C3527498B72008F9D4E /* FryApp.swift in Sources */ = {isa = PBXBuildFile; fileRef = D4DB6C2427498B71008F9D4E /* FryApp.swift */; };
		D4DB6C3627498B72008F9D4E /* ContentView.swift in Sources */ = {isa = PBXBuildFile; fileRef = D4DB6C2527498B71008F9D4E /* ContentView.swift */; };
		D4DB6C3727498B72008F9D4E /* ContentView.swift in Sources */ = {isa = PBXBuildFile; fileRef = D4DB6C2527498B71008F9D4E /* ContentView.swift */; };
		D4DB6C4327498C17008F9D4E /* ArenaScene.swift in Sources */ = {isa = PBXBuildFile; fileRef = D4DB6C4227498C17008F9D4E /* ArenaScene.swift */; };
		D4DB6C4427498C17008F9D4E /* ArenaScene.swift in Sources */ = {isa = PBXBuildFile; fileRef = D4DB6C4227498C17008F9D4E /* ArenaScene.swift */; };
		D4DB6C4627498C5C008F9D4E /* SpritePool.swift in Sources */ = {isa = PBXBuildFile; fileRef = D4DB6C4527498C5C008F9D4E /* SpritePool.swift */; };
		D4DB6C4727498C5C008F9D4E /* SpritePool.swift in Sources */ = {isa = PBXBuildFile; fileRef = D4DB6C4527498C5C008F9D4E /* SpritePool.swift */; };
		D4DB6C4927498CCA008F9D4E /* Assets.xcassets in Resources */ = {isa = PBXBuildFile; fileRef = D4DB6C4827498CCA008F9D4E /* Assets.xcassets */; };
		D4DB6C4A27498CCA008F9D4E /* Assets.xcassets in Resources */ = {isa = PBXBuildFile; fileRef = D4DB6C4827498CCA008F9D4E /* Assets.xcassets */; };
		D4DB6C4C2749A9C3008F9D4E /* AppSettingsView.swift in Sources */ = {isa = PBXBuildFile; fileRef = D4DB6C4B2749A9C3008F9D4E /* AppSettingsView.swift */; };
		D4DB6C4D2749A9C3008F9D4E /* AppSettingsView.swift in Sources */ = {isa = PBXBuildFile; fileRef = D4DB6C4B2749A9C3008F9D4E /* AppSettingsView.swift */; };
		D4DB6C512749AA1A008F9D4E /* ToggleView.swift in Sources */ = {isa = PBXBuildFile; fileRef = D4DB6C4F2749AA1A008F9D4E /* ToggleView.swift */; };
		D4DB6C522749AA1A008F9D4E /* ToggleView.swift in Sources */ = {isa = PBXBuildFile; fileRef = D4DB6C4F2749AA1A008F9D4E /* ToggleView.swift */; };
		D4DB6C532749AA1A008F9D4E /* SliderView.swift in Sources */ = {isa = PBXBuildFile; fileRef = D4DB6C502749AA1A008F9D4E /* SliderView.swift */; };
		D4DB6C542749AA1A008F9D4E /* SliderView.swift in Sources */ = {isa = PBXBuildFile; fileRef = D4DB6C502749AA1A008F9D4E /* SliderView.swift */; };
		D4DB6C5E2749ABE1008F9D4E /* GridPoint.swift in Sources */ = {isa = PBXBuildFile; fileRef = D4DB6C592749ABE1008F9D4E /* GridPoint.swift */; };
		D4DB6C5F2749ABE1008F9D4E /* GridPoint.swift in Sources */ = {isa = PBXBuildFile; fileRef = D4DB6C592749ABE1008F9D4E /* GridPoint.swift */; };
		D4DB6C602749ABE1008F9D4E /* Deque.swift in Sources */ = {isa = PBXBuildFile; fileRef = D4DB6C5A2749ABE1008F9D4E /* Deque.swift */; };
		D4DB6C612749ABE1008F9D4E /* Deque.swift in Sources */ = {isa = PBXBuildFile; fileRef = D4DB6C5A2749ABE1008F9D4E /* Deque.swift */; };
		D4DB6C622749ABE1008F9D4E /* Extensions.swift in Sources */ = {isa = PBXBuildFile; fileRef = D4DB6C5B2749ABE1008F9D4E /* Extensions.swift */; };
		D4DB6C632749ABE1008F9D4E /* Extensions.swift in Sources */ = {isa = PBXBuildFile; fileRef = D4DB6C5B2749ABE1008F9D4E /* Extensions.swift */; };
		D4DB6C642749ABE1008F9D4E /* Overload2D.swift in Sources */ = {isa = PBXBuildFile; fileRef = D4DB6C5C2749ABE1008F9D4E /* Overload2D.swift */; };
		D4DB6C652749ABE1008F9D4E /* Overload2D.swift in Sources */ = {isa = PBXBuildFile; fileRef = D4DB6C5C2749ABE1008F9D4E /* Overload2D.swift */; };
		D4DB6C662749ABE1008F9D4E /* TriangleFormulae.swift in Sources */ = {isa = PBXBuildFile; fileRef = D4DB6C5D2749ABE1008F9D4E /* TriangleFormulae.swift */; };
		D4DB6C672749ABE1008F9D4E /* TriangleFormulae.swift in Sources */ = {isa = PBXBuildFile; fileRef = D4DB6C5D2749ABE1008F9D4E /* TriangleFormulae.swift */; };
		D4DB6C692749AC67008F9D4E /* Trundle.swift in Sources */ = {isa = PBXBuildFile; fileRef = D4DB6C682749AC67008F9D4E /* Trundle.swift */; };
		D4DB6C6A2749AC67008F9D4E /* Trundle.swift in Sources */ = {isa = PBXBuildFile; fileRef = D4DB6C682749AC67008F9D4E /* Trundle.swift */; };
		D4DB6C6C2749CCAA008F9D4E /* SpinnyRing.swift in Sources */ = {isa = PBXBuildFile; fileRef = D4DB6C6B2749CCAA008F9D4E /* SpinnyRing.swift */; };
		D4DB6C6D2749CCAA008F9D4E /* SpinnyRing.swift in Sources */ = {isa = PBXBuildFile; fileRef = D4DB6C6B2749CCAA008F9D4E /* SpinnyRing.swift */; };
		D4DB6C6F2749EC57008F9D4E /* Worm.swift in Sources */ = {isa = PBXBuildFile; fileRef = D4DB6C6E2749EC57008F9D4E /* Worm.swift */; };
		D4DB6C702749EC57008F9D4E /* Worm.swift in Sources */ = {isa = PBXBuildFile; fileRef = D4DB6C6E2749EC57008F9D4E /* Worm.swift */; };
		D4DB6CBF274A916F008F9D4E /* Elf.swift in Sources */ = {isa = PBXBuildFile; fileRef = D4DB6CBE274A916F008F9D4E /* Elf.swift */; };
		D4DB6CC0274A916F008F9D4E /* Elf.swift in Sources */ = {isa = PBXBuildFile; fileRef = D4DB6CBE274A916F008F9D4E /* Elf.swift */; };
/* End PBXBuildFile section */

/* Begin PBXFileReference section */
		D430D8C7274B66A700B93D5C /* Dotter.swift */ = {isa = PBXFileReference; fileEncoding = 4; lastKnownFileType = sourcecode.swift; path = Dotter.swift; sourceTree = "<group>"; };
		D4DB6C2427498B71008F9D4E /* FryApp.swift */ = {isa = PBXFileReference; lastKnownFileType = sourcecode.swift; path = FryApp.swift; sourceTree = "<group>"; };
		D4DB6C2527498B71008F9D4E /* ContentView.swift */ = {isa = PBXFileReference; lastKnownFileType = sourcecode.swift; path = ContentView.swift; sourceTree = "<group>"; };
		D4DB6C2B27498B72008F9D4E /* Fry.app */ = {isa = PBXFileReference; explicitFileType = wrapper.application; includeInIndex = 0; path = Fry.app; sourceTree = BUILT_PRODUCTS_DIR; };
		D4DB6C3127498B72008F9D4E /* Fry.app */ = {isa = PBXFileReference; explicitFileType = wrapper.application; includeInIndex = 0; path = Fry.app; sourceTree = BUILT_PRODUCTS_DIR; };
		D4DB6C3327498B72008F9D4E /* macOS.entitlements */ = {isa = PBXFileReference; lastKnownFileType = text.plist.entitlements; path = macOS.entitlements; sourceTree = "<group>"; };
		D4DB6C4227498C17008F9D4E /* ArenaScene.swift */ = {isa = PBXFileReference; fileEncoding = 4; lastKnownFileType = sourcecode.swift; path = ArenaScene.swift; sourceTree = "<group>"; };
		D4DB6C4527498C5C008F9D4E /* SpritePool.swift */ = {isa = PBXFileReference; fileEncoding = 4; lastKnownFileType = sourcecode.swift; path = SpritePool.swift; sourceTree = "<group>"; };
		D4DB6C4827498CCA008F9D4E /* Assets.xcassets */ = {isa = PBXFileReference; lastKnownFileType = folder.assetcatalog; path = Assets.xcassets; sourceTree = "<group>"; };
		D4DB6C4B2749A9C3008F9D4E /* AppSettingsView.swift */ = {isa = PBXFileReference; lastKnownFileType = sourcecode.swift; path = AppSettingsView.swift; sourceTree = "<group>"; };
		D4DB6C4F2749AA1A008F9D4E /* ToggleView.swift */ = {isa = PBXFileReference; fileEncoding = 4; lastKnownFileType = sourcecode.swift; path = ToggleView.swift; sourceTree = "<group>"; };
		D4DB6C502749AA1A008F9D4E /* SliderView.swift */ = {isa = PBXFileReference; fileEncoding = 4; lastKnownFileType = sourcecode.swift; path = SliderView.swift; sourceTree = "<group>"; };
		D4DB6C592749ABE1008F9D4E /* GridPoint.swift */ = {isa = PBXFileReference; fileEncoding = 4; lastKnownFileType = sourcecode.swift; path = GridPoint.swift; sourceTree = "<group>"; };
		D4DB6C5A2749ABE1008F9D4E /* Deque.swift */ = {isa = PBXFileReference; fileEncoding = 4; lastKnownFileType = sourcecode.swift; path = Deque.swift; sourceTree = "<group>"; };
		D4DB6C5B2749ABE1008F9D4E /* Extensions.swift */ = {isa = PBXFileReference; fileEncoding = 4; lastKnownFileType = sourcecode.swift; path = Extensions.swift; sourceTree = "<group>"; };
		D4DB6C5C2749ABE1008F9D4E /* Overload2D.swift */ = {isa = PBXFileReference; fileEncoding = 4; lastKnownFileType = sourcecode.swift; path = Overload2D.swift; sourceTree = "<group>"; };
		D4DB6C5D2749ABE1008F9D4E /* TriangleFormulae.swift */ = {isa = PBXFileReference; fileEncoding = 4; lastKnownFileType = sourcecode.swift; path = TriangleFormulae.swift; sourceTree = "<group>"; };
		D4DB6C682749AC67008F9D4E /* Trundle.swift */ = {isa = PBXFileReference; lastKnownFileType = sourcecode.swift; path = Trundle.swift; sourceTree = "<group>"; };
		D4DB6C6B2749CCAA008F9D4E /* SpinnyRing.swift */ = {isa = PBXFileReference; lastKnownFileType = sourcecode.swift; path = SpinnyRing.swift; sourceTree = "<group>"; };
		D4DB6C6E2749EC57008F9D4E /* Worm.swift */ = {isa = PBXFileReference; lastKnownFileType = sourcecode.swift; path = Worm.swift; sourceTree = "<group>"; };
		D4DB6CBE274A916F008F9D4E /* Elf.swift */ = {isa = PBXFileReference; lastKnownFileType = sourcecode.swift; path = Elf.swift; sourceTree = "<group>"; };
/* End PBXFileReference section */

/* Begin PBXFrameworksBuildPhase section */
		D4DB6C2827498B72008F9D4E /* Frameworks */ = {
			isa = PBXFrameworksBuildPhase;
			buildActionMask = 2147483647;
			files = (
			);
			runOnlyForDeploymentPostprocessing = 0;
		};
		D4DB6C2E27498B72008F9D4E /* Frameworks */ = {
			isa = PBXFrameworksBuildPhase;
			buildActionMask = 2147483647;
			files = (
			);
			runOnlyForDeploymentPostprocessing = 0;
		};
/* End PBXFrameworksBuildPhase section */

/* Begin PBXGroup section */
		D4DB6C1E27498B70008F9D4E = {
			isa = PBXGroup;
			children = (
				D4DB6C2327498B71008F9D4E /* Shared */,
				D4DB6C3227498B72008F9D4E /* macOS */,
				D4DB6C2C27498B72008F9D4E /* Products */,
			);
			sourceTree = "<group>";
		};
		D4DB6C2327498B71008F9D4E /* Shared */ = {
			isa = PBXGroup;
			children = (
				D4DB6C4B2749A9C3008F9D4E /* AppSettingsView.swift */,
				D4DB6C4227498C17008F9D4E /* ArenaScene.swift */,
				D4DB6C2527498B71008F9D4E /* ContentView.swift */,
				D430D8C7274B66A700B93D5C /* Dotter.swift */,
				D4DB6CBE274A916F008F9D4E /* Elf.swift */,
				D4DB6C2427498B71008F9D4E /* FryApp.swift */,
				D4DB6C6B2749CCAA008F9D4E /* SpinnyRing.swift */,
				D4DB6C4527498C5C008F9D4E /* SpritePool.swift */,
				D4DB6C682749AC67008F9D4E /* Trundle.swift */,
				D4DB6C6E2749EC57008F9D4E /* Worm.swift */,
				D4DB6C582749ABE1008F9D4E /* Primitives */,
				D4DB6C4E2749AA1A008F9D4E /* ViewPrimitives */,
				D4DB6C4827498CCA008F9D4E /* Assets.xcassets */,
			);
			path = Shared;
			sourceTree = "<group>";
		};
		D4DB6C2C27498B72008F9D4E /* Products */ = {
			isa = PBXGroup;
			children = (
				D4DB6C2B27498B72008F9D4E /* Fry.app */,
				D4DB6C3127498B72008F9D4E /* Fry.app */,
			);
			name = Products;
			sourceTree = "<group>";
		};
		D4DB6C3227498B72008F9D4E /* macOS */ = {
			isa = PBXGroup;
			children = (
				D4DB6C3327498B72008F9D4E /* macOS.entitlements */,
			);
			path = macOS;
			sourceTree = "<group>";
		};
		D4DB6C4E2749AA1A008F9D4E /* ViewPrimitives */ = {
			isa = PBXGroup;
			children = (
				D4DB6C4F2749AA1A008F9D4E /* ToggleView.swift */,
				D4DB6C502749AA1A008F9D4E /* SliderView.swift */,
			);
			path = ViewPrimitives;
			sourceTree = "<group>";
		};
		D4DB6C582749ABE1008F9D4E /* Primitives */ = {
			isa = PBXGroup;
			children = (
				D4DB6C592749ABE1008F9D4E /* GridPoint.swift */,
				D4DB6C5A2749ABE1008F9D4E /* Deque.swift */,
				D4DB6C5B2749ABE1008F9D4E /* Extensions.swift */,
				D4DB6C5C2749ABE1008F9D4E /* Overload2D.swift */,
				D4DB6C5D2749ABE1008F9D4E /* TriangleFormulae.swift */,
			);
			path = Primitives;
			sourceTree = "<group>";
		};
/* End PBXGroup section */

/* Begin PBXNativeTarget section */
		D4DB6C2A27498B72008F9D4E /* Fry (iOS) */ = {
			isa = PBXNativeTarget;
			buildConfigurationList = D4DB6C3C27498B72008F9D4E /* Build configuration list for PBXNativeTarget "Fry (iOS)" */;
			buildPhases = (
				D4DB6C2727498B72008F9D4E /* Sources */,
				D4DB6C2827498B72008F9D4E /* Frameworks */,
				D4DB6C2927498B72008F9D4E /* Resources */,
			);
			buildRules = (
			);
			dependencies = (
			);
			name = "Fry (iOS)";
			productName = "Fry (iOS)";
			productReference = D4DB6C2B27498B72008F9D4E /* Fry.app */;
			productType = "com.apple.product-type.application";
		};
		D4DB6C3027498B72008F9D4E /* Fry (macOS) */ = {
			isa = PBXNativeTarget;
			buildConfigurationList = D4DB6C3F27498B72008F9D4E /* Build configuration list for PBXNativeTarget "Fry (macOS)" */;
			buildPhases = (
				D4DB6C2D27498B72008F9D4E /* Sources */,
				D4DB6C2E27498B72008F9D4E /* Frameworks */,
				D4DB6C2F27498B72008F9D4E /* Resources */,
			);
			buildRules = (
			);
			dependencies = (
			);
			name = "Fry (macOS)";
			productName = "Fry (macOS)";
			productReference = D4DB6C3127498B72008F9D4E /* Fry.app */;
			productType = "com.apple.product-type.application";
		};
/* End PBXNativeTarget section */

/* Begin PBXProject section */
		D4DB6C1F27498B70008F9D4E /* Project object */ = {
			isa = PBXProject;
			attributes = {
				BuildIndependentTargetsInParallel = 1;
				LastSwiftUpdateCheck = 1310;
				LastUpgradeCheck = 1310;
				TargetAttributes = {
					D4DB6C2A27498B72008F9D4E = {
						CreatedOnToolsVersion = 13.1;
					};
					D4DB6C3027498B72008F9D4E = {
						CreatedOnToolsVersion = 13.1;
					};
				};
			};
			buildConfigurationList = D4DB6C2227498B70008F9D4E /* Build configuration list for PBXProject "Fry" */;
			compatibilityVersion = "Xcode 13.0";
			developmentRegion = en;
			hasScannedForEncodings = 0;
			knownRegions = (
				en,
				Base,
			);
			mainGroup = D4DB6C1E27498B70008F9D4E;
			productRefGroup = D4DB6C2C27498B72008F9D4E /* Products */;
			projectDirPath = "";
			projectRoot = "";
			targets = (
				D4DB6C2A27498B72008F9D4E /* Fry (iOS) */,
				D4DB6C3027498B72008F9D4E /* Fry (macOS) */,
			);
		};
/* End PBXProject section */

/* Begin PBXResourcesBuildPhase section */
		D4DB6C2927498B72008F9D4E /* Resources */ = {
			isa = PBXResourcesBuildPhase;
			buildActionMask = 2147483647;
			files = (
				D4DB6C4927498CCA008F9D4E /* Assets.xcassets in Resources */,
			);
			runOnlyForDeploymentPostprocessing = 0;
		};
		D4DB6C2F27498B72008F9D4E /* Resources */ = {
			isa = PBXResourcesBuildPhase;
			buildActionMask = 2147483647;
			files = (
				D4DB6C4A27498CCA008F9D4E /* Assets.xcassets in Resources */,
			);
			runOnlyForDeploymentPostprocessing = 0;
		};
/* End PBXResourcesBuildPhase section */

/* Begin PBXSourcesBuildPhase section */
		D4DB6C2727498B72008F9D4E /* Sources */ = {
			isa = PBXSourcesBuildPhase;
			buildActionMask = 2147483647;
			files = (
				D4DB6C4627498C5C008F9D4E /* SpritePool.swift in Sources */,
				D4DB6C3627498B72008F9D4E /* ContentView.swift in Sources */,
				D4DB6C6F2749EC57008F9D4E /* Worm.swift in Sources */,
				D4DB6C6C2749CCAA008F9D4E /* SpinnyRing.swift in Sources */,
				D4DB6C662749ABE1008F9D4E /* TriangleFormulae.swift in Sources */,
				D4DB6C602749ABE1008F9D4E /* Deque.swift in Sources */,
				D430D8C8274B66A700B93D5C /* Dotter.swift in Sources */,
				D4DB6C5E2749ABE1008F9D4E /* GridPoint.swift in Sources */,
				D4DB6C4C2749A9C3008F9D4E /* AppSettingsView.swift in Sources */,
				D4DB6C692749AC67008F9D4E /* Trundle.swift in Sources */,
				D4DB6C622749ABE1008F9D4E /* Extensions.swift in Sources */,
				D4DB6C3427498B72008F9D4E /* FryApp.swift in Sources */,
				D4DB6CBF274A916F008F9D4E /* Elf.swift in Sources */,
				D4DB6C512749AA1A008F9D4E /* ToggleView.swift in Sources */,
				D4DB6C4327498C17008F9D4E /* ArenaScene.swift in Sources */,
				D4DB6C642749ABE1008F9D4E /* Overload2D.swift in Sources */,
				D4DB6C532749AA1A008F9D4E /* SliderView.swift in Sources */,
			);
			runOnlyForDeploymentPostprocessing = 0;
		};
		D4DB6C2D27498B72008F9D4E /* Sources */ = {
			isa = PBXSourcesBuildPhase;
			buildActionMask = 2147483647;
			files = (
				D4DB6C4727498C5C008F9D4E /* SpritePool.swift in Sources */,
				D4DB6C3727498B72008F9D4E /* ContentView.swift in Sources */,
				D4DB6C702749EC57008F9D4E /* Worm.swift in Sources */,
				D4DB6C6D2749CCAA008F9D4E /* SpinnyRing.swift in Sources */,
				D4DB6C672749ABE1008F9D4E /* TriangleFormulae.swift in Sources */,
				D4DB6C612749ABE1008F9D4E /* Deque.swift in Sources */,
				D430D8C9274B66A700B93D5C /* Dotter.swift in Sources */,
				D4DB6C5F2749ABE1008F9D4E /* GridPoint.swift in Sources */,
				D4DB6C4D2749A9C3008F9D4E /* AppSettingsView.swift in Sources */,
				D4DB6C6A2749AC67008F9D4E /* Trundle.swift in Sources */,
				D4DB6C632749ABE1008F9D4E /* Extensions.swift in Sources */,
				D4DB6C3527498B72008F9D4E /* FryApp.swift in Sources */,
				D4DB6CC0274A916F008F9D4E /* Elf.swift in Sources */,
				D4DB6C522749AA1A008F9D4E /* ToggleView.swift in Sources */,
				D4DB6C4427498C17008F9D4E /* ArenaScene.swift in Sources */,
				D4DB6C652749ABE1008F9D4E /* Overload2D.swift in Sources */,
				D4DB6C542749AA1A008F9D4E /* SliderView.swift in Sources */,
			);
			runOnlyForDeploymentPostprocessing = 0;
		};
/* End PBXSourcesBuildPhase section */

/* Begin XCBuildConfiguration section */
		D4DB6C3A27498B72008F9D4E /* Debug */ = {
			isa = XCBuildConfiguration;
			buildSettings = {
				ALWAYS_SEARCH_USER_PATHS = NO;
				CLANG_ANALYZER_NONNULL = YES;
				CLANG_ANALYZER_NUMBER_OBJECT_CONVERSION = YES_AGGRESSIVE;
				CLANG_CXX_LANGUAGE_STANDARD = "gnu++17";
				CLANG_CXX_LIBRARY = "libc++";
				CLANG_ENABLE_MODULES = YES;
				CLANG_ENABLE_OBJC_ARC = YES;
				CLANG_ENABLE_OBJC_WEAK = YES;
				CLANG_WARN_BLOCK_CAPTURE_AUTORELEASING = YES;
				CLANG_WARN_BOOL_CONVERSION = YES;
				CLANG_WARN_COMMA = YES;
				CLANG_WARN_CONSTANT_CONVERSION = YES;
				CLANG_WARN_DEPRECATED_OBJC_IMPLEMENTATIONS = YES;
				CLANG_WARN_DIRECT_OBJC_ISA_USAGE = YES_ERROR;
				CLANG_WARN_DOCUMENTATION_COMMENTS = YES;
				CLANG_WARN_EMPTY_BODY = YES;
				CLANG_WARN_ENUM_CONVERSION = YES;
				CLANG_WARN_INFINITE_RECURSION = YES;
				CLANG_WARN_INT_CONVERSION = YES;
				CLANG_WARN_NON_LITERAL_NULL_CONVERSION = YES;
				CLANG_WARN_OBJC_IMPLICIT_RETAIN_SELF = YES;
				CLANG_WARN_OBJC_LITERAL_CONVERSION = YES;
				CLANG_WARN_OBJC_ROOT_CLASS = YES_ERROR;
				CLANG_WARN_QUOTED_INCLUDE_IN_FRAMEWORK_HEADER = YES;
				CLANG_WARN_RANGE_LOOP_ANALYSIS = YES;
				CLANG_WARN_STRICT_PROTOTYPES = YES;
				CLANG_WARN_SUSPICIOUS_MOVE = YES;
				CLANG_WARN_UNGUARDED_AVAILABILITY = YES_AGGRESSIVE;
				CLANG_WARN_UNREACHABLE_CODE = YES;
				CLANG_WARN__DUPLICATE_METHOD_MATCH = YES;
				COPY_PHASE_STRIP = NO;
				DEBUG_INFORMATION_FORMAT = dwarf;
				ENABLE_STRICT_OBJC_MSGSEND = YES;
				ENABLE_TESTABILITY = YES;
				GCC_C_LANGUAGE_STANDARD = gnu11;
				GCC_DYNAMIC_NO_PIC = NO;
				GCC_NO_COMMON_BLOCKS = YES;
				GCC_OPTIMIZATION_LEVEL = 0;
				GCC_PREPROCESSOR_DEFINITIONS = (
					"DEBUG=1",
					"$(inherited)",
				);
				GCC_WARN_64_TO_32_BIT_CONVERSION = YES;
				GCC_WARN_ABOUT_RETURN_TYPE = YES_ERROR;
				GCC_WARN_UNDECLARED_SELECTOR = YES;
				GCC_WARN_UNINITIALIZED_AUTOS = YES_AGGRESSIVE;
				GCC_WARN_UNUSED_FUNCTION = YES;
				GCC_WARN_UNUSED_VARIABLE = YES;
				MTL_ENABLE_DEBUG_INFO = INCLUDE_SOURCE;
				MTL_FAST_MATH = YES;
				ONLY_ACTIVE_ARCH = YES;
				SWIFT_ACTIVE_COMPILATION_CONDITIONS = DEBUG;
				SWIFT_OPTIMIZATION_LEVEL = "-Onone";
			};
			name = Debug;
		};
		D4DB6C3B27498B72008F9D4E /* Release */ = {
			isa = XCBuildConfiguration;
			buildSettings = {
				ALWAYS_SEARCH_USER_PATHS = NO;
				CLANG_ANALYZER_NONNULL = YES;
				CLANG_ANALYZER_NUMBER_OBJECT_CONVERSION = YES_AGGRESSIVE;
				CLANG_CXX_LANGUAGE_STANDARD = "gnu++17";
				CLANG_CXX_LIBRARY = "libc++";
				CLANG_ENABLE_MODULES = YES;
				CLANG_ENABLE_OBJC_ARC = YES;
				CLANG_ENABLE_OBJC_WEAK = YES;
				CLANG_WARN_BLOCK_CAPTURE_AUTORELEASING = YES;
				CLANG_WARN_BOOL_CONVERSION = YES;
				CLANG_WARN_COMMA = YES;
				CLANG_WARN_CONSTANT_CONVERSION = YES;
				CLANG_WARN_DEPRECATED_OBJC_IMPLEMENTATIONS = YES;
				CLANG_WARN_DIRECT_OBJC_ISA_USAGE = YES_ERROR;
				CLANG_WARN_DOCUMENTATION_COMMENTS = YES;
				CLANG_WARN_EMPTY_BODY = YES;
				CLANG_WARN_ENUM_CONVERSION = YES;
				CLANG_WARN_INFINITE_RECURSION = YES;
				CLANG_WARN_INT_CONVERSION = YES;
				CLANG_WARN_NON_LITERAL_NULL_CONVERSION = YES;
				CLANG_WARN_OBJC_IMPLICIT_RETAIN_SELF = YES;
				CLANG_WARN_OBJC_LITERAL_CONVERSION = YES;
				CLANG_WARN_OBJC_ROOT_CLASS = YES_ERROR;
				CLANG_WARN_QUOTED_INCLUDE_IN_FRAMEWORK_HEADER = YES;
				CLANG_WARN_RANGE_LOOP_ANALYSIS = YES;
				CLANG_WARN_STRICT_PROTOTYPES = YES;
				CLANG_WARN_SUSPICIOUS_MOVE = YES;
				CLANG_WARN_UNGUARDED_AVAILABILITY = YES_AGGRESSIVE;
				CLANG_WARN_UNREACHABLE_CODE = YES;
				CLANG_WARN__DUPLICATE_METHOD_MATCH = YES;
				COPY_PHASE_STRIP = NO;
				DEBUG_INFORMATION_FORMAT = "dwarf-with-dsym";
				ENABLE_NS_ASSERTIONS = NO;
				ENABLE_STRICT_OBJC_MSGSEND = YES;
				GCC_C_LANGUAGE_STANDARD = gnu11;
				GCC_NO_COMMON_BLOCKS = YES;
				GCC_WARN_64_TO_32_BIT_CONVERSION = YES;
				GCC_WARN_ABOUT_RETURN_TYPE = YES_ERROR;
				GCC_WARN_UNDECLARED_SELECTOR = YES;
				GCC_WARN_UNINITIALIZED_AUTOS = YES_AGGRESSIVE;
				GCC_WARN_UNUSED_FUNCTION = YES;
				GCC_WARN_UNUSED_VARIABLE = YES;
				MTL_ENABLE_DEBUG_INFO = NO;
				MTL_FAST_MATH = YES;
				SWIFT_COMPILATION_MODE = wholemodule;
				SWIFT_OPTIMIZATION_LEVEL = "-O";
			};
			name = Release;
		};
		D4DB6C3D27498B72008F9D4E /* Debug */ = {
			isa = XCBuildConfiguration;
			buildSettings = {
				ASSETCATALOG_COMPILER_APPICON_NAME = AppIcon;
				ASSETCATALOG_COMPILER_GLOBAL_ACCENT_COLOR_NAME = AccentColor;
				CODE_SIGN_STYLE = Automatic;
				CURRENT_PROJECT_VERSION = 1;
				DEVELOPMENT_TEAM = DD983V4X84;
				ENABLE_PREVIEWS = YES;
				GENERATE_INFOPLIST_FILE = YES;
				INFOPLIST_KEY_UIApplicationSceneManifest_Generation = YES;
				INFOPLIST_KEY_UIApplicationSupportsIndirectInputEvents = YES;
				INFOPLIST_KEY_UILaunchScreen_Generation = YES;
				INFOPLIST_KEY_UISupportedInterfaceOrientations_iPad = "UIInterfaceOrientationPortrait UIInterfaceOrientationPortraitUpsideDown UIInterfaceOrientationLandscapeLeft UIInterfaceOrientationLandscapeRight";
				INFOPLIST_KEY_UISupportedInterfaceOrientations_iPhone = "UIInterfaceOrientationPortrait UIInterfaceOrientationLandscapeLeft UIInterfaceOrientationLandscapeRight";
				IPHONEOS_DEPLOYMENT_TARGET = 15.0;
				LD_RUNPATH_SEARCH_PATHS = (
					"$(inherited)",
					"@executable_path/Frameworks",
				);
				MARKETING_VERSION = 1.0;
				PRODUCT_BUNDLE_IDENTIFIER = com.boringsoftware.Fry;
				PRODUCT_NAME = Fry;
				SDKROOT = iphoneos;
				SWIFT_EMIT_LOC_STRINGS = YES;
				SWIFT_VERSION = 5.0;
				TARGETED_DEVICE_FAMILY = "1,2";
			};
			name = Debug;
		};
		D4DB6C3E27498B72008F9D4E /* Release */ = {
			isa = XCBuildConfiguration;
			buildSettings = {
				ASSETCATALOG_COMPILER_APPICON_NAME = AppIcon;
				ASSETCATALOG_COMPILER_GLOBAL_ACCENT_COLOR_NAME = AccentColor;
				CODE_SIGN_STYLE = Automatic;
				CURRENT_PROJECT_VERSION = 1;
				DEVELOPMENT_TEAM = DD983V4X84;
				ENABLE_PREVIEWS = YES;
				GENERATE_INFOPLIST_FILE = YES;
				INFOPLIST_KEY_UIApplicationSceneManifest_Generation = YES;
				INFOPLIST_KEY_UIApplicationSupportsIndirectInputEvents = YES;
				INFOPLIST_KEY_UILaunchScreen_Generation = YES;
				INFOPLIST_KEY_UISupportedInterfaceOrientations_iPad = "UIInterfaceOrientationPortrait UIInterfaceOrientationPortraitUpsideDown UIInterfaceOrientationLandscapeLeft UIInterfaceOrientationLandscapeRight";
				INFOPLIST_KEY_UISupportedInterfaceOrientations_iPhone = "UIInterfaceOrientationPortrait UIInterfaceOrientationLandscapeLeft UIInterfaceOrientationLandscapeRight";
				IPHONEOS_DEPLOYMENT_TARGET = 15.0;
				LD_RUNPATH_SEARCH_PATHS = (
					"$(inherited)",
					"@executable_path/Frameworks",
				);
				MARKETING_VERSION = 1.0;
				PRODUCT_BUNDLE_IDENTIFIER = com.boringsoftware.Fry;
				PRODUCT_NAME = Fry;
				SDKROOT = iphoneos;
				SWIFT_EMIT_LOC_STRINGS = YES;
				SWIFT_VERSION = 5.0;
				TARGETED_DEVICE_FAMILY = "1,2";
				VALIDATE_PRODUCT = YES;
			};
			name = Release;
		};
		D4DB6C4027498B72008F9D4E /* Debug */ = {
			isa = XCBuildConfiguration;
			buildSettings = {
				ASSETCATALOG_COMPILER_APPICON_NAME = AppIcon;
				ASSETCATALOG_COMPILER_GLOBAL_ACCENT_COLOR_NAME = AccentColor;
				CODE_SIGN_ENTITLEMENTS = macOS/macOS.entitlements;
				CODE_SIGN_STYLE = Automatic;
				COMBINE_HIDPI_IMAGES = YES;
				CURRENT_PROJECT_VERSION = 1;
				DEVELOPMENT_TEAM = DD983V4X84;
				ENABLE_HARDENED_RUNTIME = YES;
				ENABLE_PREVIEWS = YES;
				GENERATE_INFOPLIST_FILE = YES;
				INFOPLIST_KEY_NSHumanReadableCopyright = "";
				LD_RUNPATH_SEARCH_PATHS = (
					"$(inherited)",
					"@executable_path/../Frameworks",
				);
				MACOSX_DEPLOYMENT_TARGET = 12.0;
				MARKETING_VERSION = 1.0;
				PRODUCT_BUNDLE_IDENTIFIER = com.boringsoftware.Fry;
				PRODUCT_NAME = Fry;
				SDKROOT = macosx;
				SWIFT_EMIT_LOC_STRINGS = YES;
				SWIFT_VERSION = 5.0;
			};
			name = Debug;
		};
		D4DB6C4127498B72008F9D4E /* Release */ = {
			isa = XCBuildConfiguration;
			buildSettings = {
				ASSETCATALOG_COMPILER_APPICON_NAME = AppIcon;
				ASSETCATALOG_COMPILER_GLOBAL_ACCENT_COLOR_NAME = AccentColor;
				CODE_SIGN_ENTITLEMENTS = macOS/macOS.entitlements;
				CODE_SIGN_STYLE = Automatic;
				COMBINE_HIDPI_IMAGES = YES;
				CURRENT_PROJECT_VERSION = 1;
				DEVELOPMENT_TEAM = DD983V4X84;
				ENABLE_HARDENED_RUNTIME = YES;
				ENABLE_PREVIEWS = YES;
				GENERATE_INFOPLIST_FILE = YES;
				INFOPLIST_KEY_NSHumanReadableCopyright = "";
				LD_RUNPATH_SEARCH_PATHS = (
					"$(inherited)",
					"@executable_path/../Frameworks",
				);
				MACOSX_DEPLOYMENT_TARGET = 12.0;
				MARKETING_VERSION = 1.0;
				PRODUCT_BUNDLE_IDENTIFIER = com.boringsoftware.Fry;
				PRODUCT_NAME = Fry;
				SDKROOT = macosx;
				SWIFT_EMIT_LOC_STRINGS = YES;
				SWIFT_VERSION = 5.0;
			};
			name = Release;
		};
/* End XCBuildConfiguration section */

/* Begin XCConfigurationList section */
		D4DB6C2227498B70008F9D4E /* Build configuration list for PBXProject "Fry" */ = {
			isa = XCConfigurationList;
			buildConfigurations = (
				D4DB6C3A27498B72008F9D4E /* Debug */,
				D4DB6C3B27498B72008F9D4E /* Release */,
			);
			defaultConfigurationIsVisible = 0;
			defaultConfigurationName = Release;
		};
		D4DB6C3C27498B72008F9D4E /* Build configuration list for PBXNativeTarget "Fry (iOS)" */ = {
			isa = XCConfigurationList;
			buildConfigurations = (
				D4DB6C3D27498B72008F9D4E /* Debug */,
				D4DB6C3E27498B72008F9D4E /* Release */,
			);
			defaultConfigurationIsVisible = 0;
			defaultConfigurationName = Release;
		};
		D4DB6C3F27498B72008F9D4E /* Build configuration list for PBXNativeTarget "Fry (macOS)" */ = {
			isa = XCConfigurationList;
			buildConfigurations = (
				D4DB6C4027498B72008F9D4E /* Debug */,
				D4DB6C4127498B72008F9D4E /* Release */,
			);
			defaultConfigurationIsVisible = 0;
			defaultConfigurationName = Release;
		};
/* End XCConfigurationList section */
	};
	rootObject = D4DB6C1F27498B70008F9D4E /* Project object */;
}
